
Microsoft Visual Studio Solution File, Format Version 12.00
# Visual Studio Version 17
VisualStudioVersion = 17.14.36518.9 d17.14
MinimumVisualStudioVersion = 10.0.40219.1
Project("{FAE04EC0-301F-11D3-BF4B-00C04F79EFBC}") = "WebApplication1", "WebApplication1\WebApplication1.csproj", "{A50D3F38-B84E-4844-BC9E-5B7635E06715}"
EndProject
Global
	GlobalSection(SolutionConfigurationPlatforms) = preSolution
		Debug|Any CPU = Debug|Any CPU
		Release|Any CPU = Release|Any CPU
	EndGlobalSection
	GlobalSection(ProjectConfigurationPlatforms) = postSolution
		{A50D3F38-B84E-4844-BC9E-5B7635E06715}.Debug|Any CPU.ActiveCfg = Debug|Any CPU
		{A50D3F38-B84E-4844-BC9E-5B7635E06715}.Debug|Any CPU.Build.0 = Debug|Any CPU
		{A50D3F38-B84E-4844-BC9E-5B7635E06715}.Release|Any CPU.ActiveCfg = Release|Any CPU
		{A50D3F38-B84E-4844-BC9E-5B7635E06715}.Release|Any CPU.Build.0 = Release|Any CPU
	EndGlobalSection
	GlobalSection(SolutionProperties) = preSolution
		HideSolutionNode = FALSE
	EndGlobalSection
	GlobalSection(ExtensibilityGlobals) = postSolution
		SolutionGuid = {82830568-6710-40D0-A489-E8FE0BB3EA5E}
	EndGlobalSection
EndGlobal
